# THIS IS AN AUTOGENERATED FILE. DO NOT EDIT THIS FILE DIRECTLY.
# yarn lockfile v1


"@cobraz/prettier@^2.0.0":
  version "2.0.0"
  resolved "https://registry.yarnpkg.com/@cobraz/prettier/-/prettier-2.0.0.tgz#4219ed6024e484a3e4e08ad30b2ba0f33660573e"
  integrity sha512-3Kug2HKJPW96INaTFGtqPP5tJaMRwhZkA2e2mLQ7REp2Wzd0Brmg4uL94zAFKCPEmX59iUTZF0GAHtljACqwWA==

prettier@^2.5.1:
  version "2.5.1"
  resolved "https://registry.yarnpkg.com/prettier/-/prettier-2.5.1.tgz#fff75fa9d519c54cf0fce328c1017d94546bc56a"
  integrity sha512-vBZcPRUR5MZJwoyi3ZoyQlc1rXeEck8KgeC9AwwOn+exuxLxq5toTRDTSaVrXHxelDMHy9zlicw8u66yxoSUFg==
